
Microsoft Visual Studio Solution File, Format Version 12.00
# Visual Studio Version 16
VisualStudioVersion = 16.0.29411.108
MinimumVisualStudioVersion = 10.0.40219.1
Project("{FAE04EC0-301F-11D3-BF4B-00C04F79EFBC}") = "Roulette", "Roulette\Roulette.csproj", "{BFC02173-4778-4C07-BD5E-39A976F7236B}"
EndProject
Project("{FAE04EC0-301F-11D3-BF4B-00C04F79EFBC}") = "Roulette.Tests", "Roulette.Tests\Roulette.Tests.csproj", "{DC2B98B8-C476-4B7D-9227-2EB089C26C0B}"
EndProject
Project("{2150E333-8FDC-42A3-9474-1A3956D46DE8}") = "6. Unit Tests", "6. Unit Tests", "{BE23886D-0A3A-45F0-BCBD-D0E1B4E1F0AF}"
EndProject
Project("{2150E333-8FDC-42A3-9474-1A3956D46DE8}") = "2. Business Logic", "2. Business Logic", "{4621B521-2024-4F8A-B5BB-8382659DCAF6}"
EndProject
Project("{2150E333-8FDC-42A3-9474-1A3956D46DE8}") = "4. Rouletette.DAL.MYSQL", "4. Rouletette.DAL.MYSQL", "{152C34A4-5167-4CC6-908E-7276CB164F38}"
EndProject
Project("{FAE04EC0-301F-11D3-BF4B-00C04F79EFBC}") = "Roulette.DAL.MYSQL", "Roulette.DAL.MYSQL\Roulette.DAL.MYSQL.csproj", "{14A879EF-DF04-4967-A058-5B8C5981AA95}"
EndProject
Project("{2150E333-8FDC-42A3-9474-1A3956D46DE8}") = "3. Interface Layers", "3. Interface Layers", "{BEA27646-71D6-42A5-8213-C33FAD6D3142}"
EndProject
Project("{FAE04EC0-301F-11D3-BF4B-00C04F79EFBC}") = "InterfaceLayerBD", "InterfaceLayerBD\InterfaceLayerBD.csproj", "{7F4EBF2F-53A3-451B-A571-9064255F7FF5}"
EndProject
Project("{FAE04EC0-301F-11D3-BF4B-00C04F79EFBC}") = "Roulette.DAL.MYSQL.Tests", "Roulette.DAL.MYSQL.Tests\Roulette.DAL.MYSQL.Tests.csproj", "{BD1F526A-C656-40E0-BB29-77A335EBB0D9}"
EndProject
Project("{2150E333-8FDC-42A3-9474-1A3956D46DE8}") = "5. Factory", "5. Factory", "{90A60127-CF79-424A-8AA1-188BEEE3B7B0}"
EndProject
Project("{2150E333-8FDC-42A3-9474-1A3956D46DE8}") = "7. TestDatabase", "7. TestDatabase", "{A1B7647B-9A89-4EE0-808A-B0A4FC75D0C8}"
EndProject
Project("{FAE04EC0-301F-11D3-BF4B-00C04F79EFBC}") = "TestDatabase", "TestDatabase\TestDatabase.csproj", "{7AB52B22-708A-4A01-A431-822E080E8F9A}"
EndProject
Project("{2150E333-8FDC-42A3-9474-1A3956D46DE8}") = "1. User Interface", "1. User Interface", "{D1CAEAE3-55DF-4E98-9FB2-A55999A272CC}"
EndProject
Project("{2150E333-8FDC-42A3-9474-1A3956D46DE8}") = "TESTING", "TESTING", "{1FA63022-D665-453B-9A25-3857C8F87678}"
EndProject
Project("{2150E333-8FDC-42A3-9474-1A3956D46DE8}") = "Solution Items", "Solution Items", "{CF9CB4F8-1041-4EC3-ACCF-41749F6B6A97}"
EndProject
Project("{FAE04EC0-301F-11D3-BF4B-00C04F79EFBC}") = "Repository", "TestDataAccesFactory\Repository.csproj", "{64E7F31C-B64C-4225-9A84-5BC239E212EF}"
EndProject
Project("{9A19103F-16F7-4668-BE54-9A1E7A4F7556}") = "Roulette.ASP.NETCore", "Roulette.ASP.NETCore\Roulette.ASP.NETCore.csproj", "{CA99F6A0-21F7-4868-9BF6-047ACB4D57E3}"
EndProject
Project("{FAE04EC0-301F-11D3-BF4B-00C04F79EFBC}") = "LogicDALIntegration.Tests", "LogicDALIntegration.Tests\LogicDALIntegration.Tests.csproj", "{D373A9A7-8841-4B87-94E9-9F0A908932A4}"
EndProject
Global
	GlobalSection(SolutionConfigurationPlatforms) = preSolution
		Debug|Any CPU = Debug|Any CPU
		Release|Any CPU = Release|Any CPU
	EndGlobalSection
	GlobalSection(ProjectConfigurationPlatforms) = postSolution
		{BFC02173-4778-4C07-BD5E-39A976F7236B}.Debug|Any CPU.ActiveCfg = Debug|Any CPU
		{BFC02173-4778-4C07-BD5E-39A976F7236B}.Debug|Any CPU.Build.0 = Debug|Any CPU
		{BFC02173-4778-4C07-BD5E-39A976F7236B}.Release|Any CPU.ActiveCfg = Release|Any CPU
		{BFC02173-4778-4C07-BD5E-39A976F7236B}.Release|Any CPU.Build.0 = Release|Any CPU
		{DC2B98B8-C476-4B7D-9227-2EB089C26C0B}.Debug|Any CPU.ActiveCfg = Debug|Any CPU
		{DC2B98B8-C476-4B7D-9227-2EB089C26C0B}.Debug|Any CPU.Build.0 = Debug|Any CPU
		{DC2B98B8-C476-4B7D-9227-2EB089C26C0B}.Release|Any CPU.ActiveCfg = Release|Any CPU
		{DC2B98B8-C476-4B7D-9227-2EB089C26C0B}.Release|Any CPU.Build.0 = Release|Any CPU
		{14A879EF-DF04-4967-A058-5B8C5981AA95}.Debug|Any CPU.ActiveCfg = Debug|Any CPU
		{14A879EF-DF04-4967-A058-5B8C5981AA95}.Debug|Any CPU.Build.0 = Debug|Any CPU
		{14A879EF-DF04-4967-A058-5B8C5981AA95}.Release|Any CPU.ActiveCfg = Release|Any CPU
		{14A879EF-DF04-4967-A058-5B8C5981AA95}.Release|Any CPU.Build.0 = Release|Any CPU
		{7F4EBF2F-53A3-451B-A571-9064255F7FF5}.Debug|Any CPU.ActiveCfg = Debug|Any CPU
		{7F4EBF2F-53A3-451B-A571-9064255F7FF5}.Debug|Any CPU.Build.0 = Debug|Any CPU
		{7F4EBF2F-53A3-451B-A571-9064255F7FF5}.Release|Any CPU.ActiveCfg = Release|Any CPU
		{7F4EBF2F-53A3-451B-A571-9064255F7FF5}.Release|Any CPU.Build.0 = Release|Any CPU
		{BD1F526A-C656-40E0-BB29-77A335EBB0D9}.Debug|Any CPU.ActiveCfg = Debug|Any CPU
		{BD1F526A-C656-40E0-BB29-77A335EBB0D9}.Debug|Any CPU.Build.0 = Debug|Any CPU
		{BD1F526A-C656-40E0-BB29-77A335EBB0D9}.Release|Any CPU.ActiveCfg = Release|Any CPU
		{BD1F526A-C656-40E0-BB29-77A335EBB0D9}.Release|Any CPU.Build.0 = Release|Any CPU
		{7AB52B22-708A-4A01-A431-822E080E8F9A}.Debug|Any CPU.ActiveCfg = Debug|Any CPU
		{7AB52B22-708A-4A01-A431-822E080E8F9A}.Debug|Any CPU.Build.0 = Debug|Any CPU
		{7AB52B22-708A-4A01-A431-822E080E8F9A}.Release|Any CPU.ActiveCfg = Release|Any CPU
		{7AB52B22-708A-4A01-A431-822E080E8F9A}.Release|Any CPU.Build.0 = Release|Any CPU
		{64E7F31C-B64C-4225-9A84-5BC239E212EF}.Debug|Any CPU.ActiveCfg = Debug|Any CPU
		{64E7F31C-B64C-4225-9A84-5BC239E212EF}.Debug|Any CPU.Build.0 = Debug|Any CPU
		{64E7F31C-B64C-4225-9A84-5BC239E212EF}.Release|Any CPU.ActiveCfg = Release|Any CPU
		{64E7F31C-B64C-4225-9A84-5BC239E212EF}.Release|Any CPU.Build.0 = Release|Any CPU
		{CA99F6A0-21F7-4868-9BF6-047ACB4D57E3}.Debug|Any CPU.ActiveCfg = Debug|Any CPU
		{CA99F6A0-21F7-4868-9BF6-047ACB4D57E3}.Debug|Any CPU.Build.0 = Debug|Any CPU
		{CA99F6A0-21F7-4868-9BF6-047ACB4D57E3}.Release|Any CPU.ActiveCfg = Release|Any CPU
		{CA99F6A0-21F7-4868-9BF6-047ACB4D57E3}.Release|Any CPU.Build.0 = Release|Any CPU
		{D373A9A7-8841-4B87-94E9-9F0A908932A4}.Debug|Any CPU.ActiveCfg = Debug|Any CPU
		{D373A9A7-8841-4B87-94E9-9F0A908932A4}.Debug|Any CPU.Build.0 = Debug|Any CPU
		{D373A9A7-8841-4B87-94E9-9F0A908932A4}.Release|Any CPU.ActiveCfg = Release|Any CPU
		{D373A9A7-8841-4B87-94E9-9F0A908932A4}.Release|Any CPU.Build.0 = Release|Any CPU
	EndGlobalSection
	GlobalSection(SolutionProperties) = preSolution
		HideSolutionNode = FALSE
	EndGlobalSection
	GlobalSection(NestedProjects) = preSolution
		{BFC02173-4778-4C07-BD5E-39A976F7236B} = {4621B521-2024-4F8A-B5BB-8382659DCAF6}
		{DC2B98B8-C476-4B7D-9227-2EB089C26C0B} = {BE23886D-0A3A-45F0-BCBD-D0E1B4E1F0AF}
		{14A879EF-DF04-4967-A058-5B8C5981AA95} = {152C34A4-5167-4CC6-908E-7276CB164F38}
		{7F4EBF2F-53A3-451B-A571-9064255F7FF5} = {BEA27646-71D6-42A5-8213-C33FAD6D3142}
		{BD1F526A-C656-40E0-BB29-77A335EBB0D9} = {BE23886D-0A3A-45F0-BCBD-D0E1B4E1F0AF}
		{7AB52B22-708A-4A01-A431-822E080E8F9A} = {A1B7647B-9A89-4EE0-808A-B0A4FC75D0C8}
		{64E7F31C-B64C-4225-9A84-5BC239E212EF} = {90A60127-CF79-424A-8AA1-188BEEE3B7B0}
		{CA99F6A0-21F7-4868-9BF6-047ACB4D57E3} = {D1CAEAE3-55DF-4E98-9FB2-A55999A272CC}
		{D373A9A7-8841-4B87-94E9-9F0A908932A4} = {BE23886D-0A3A-45F0-BCBD-D0E1B4E1F0AF}
	EndGlobalSection
	GlobalSection(ExtensibilityGlobals) = postSolution
		SolutionGuid = {39184324-E0A0-4CAC-99DE-9186A725F4C4}
	EndGlobalSection
EndGlobal
